
Microsoft Visual Studio Solution File, Format Version 12.00
# Visual Studio Version 16
VisualStudioVersion = 16.0.31911.196
MinimumVisualStudioVersion = 10.0.40219.1
Project("{FAE04EC0-301F-11D3-BF4B-00C04F79EFBC}") = "Filmoteka", "Filmoteka\Filmoteka.csproj", "{2A310985-C3C0-4282-B270-731F8117C993}"
EndProject
Global
	GlobalSection(SolutionConfigurationPlatforms) = preSolution
		Debug|Any CPU = Debug|Any CPU
		Release|Any CPU = Release|Any CPU
	EndGlobalSection
	GlobalSection(ProjectConfigurationPlatforms) = postSolution
		{2A310985-C3C0-4282-B270-731F8117C993}.Debug|Any CPU.ActiveCfg = Debug|Any CPU
		{2A310985-C3C0-4282-B270-731F8117C993}.Debug|Any CPU.Build.0 = Debug|Any CPU
		{2A310985-C3C0-4282-B270-731F8117C993}.Release|Any CPU.ActiveCfg = Release|Any CPU
		{2A310985-C3C0-4282-B270-731F8117C993}.Release|Any CPU.Build.0 = Release|Any CPU
	EndGlobalSection
	GlobalSection(SolutionProperties) = preSolution
		HideSolutionNode = FALSE
	EndGlobalSection
	GlobalSection(ExtensibilityGlobals) = postSolution
		SolutionGuid = {C5B2AC9D-1CA8-4220-BD93-5F7693B63354}
	EndGlobalSection
EndGlobal
